
Microsoft Visual Studio Solution File, Format Version 12.00
# Visual Studio 15
VisualStudioVersion = 15.0.28307.168
MinimumVisualStudioVersion = 10.0.40219.1
Project("{FAE04EC0-301F-11D3-BF4B-00C04F79EFBC}") = "O365PlannerCopyTool.Common", "O365PlannerCopyTool.Common\O365PlannerCopyTool.Common.csproj", "{73841006-CFAA-4603-8092-6A3BEC405179}"
EndProject
Project("{FAE04EC0-301F-11D3-BF4B-00C04F79EFBC}") = "O365PlannerCopyTool.Test", "O365PlannerCopyTool.Test\O365PlannerCopyTool.Test.csproj", "{DE47E648-B675-4B9C-B428-2C91338A13E2}"
EndProject
Global
	GlobalSection(SolutionConfigurationPlatforms) = preSolution
		Debug|Any CPU = Debug|Any CPU
		Release|Any CPU = Release|Any CPU
	EndGlobalSection
	GlobalSection(ProjectConfigurationPlatforms) = postSolution
		{73841006-CFAA-4603-8092-6A3BEC405179}.Debug|Any CPU.ActiveCfg = Debug|Any CPU
		{73841006-CFAA-4603-8092-6A3BEC405179}.Debug|Any CPU.Build.0 = Debug|Any CPU
		{73841006-CFAA-4603-8092-6A3BEC405179}.Release|Any CPU.ActiveCfg = Release|Any CPU
		{73841006-CFAA-4603-8092-6A3BEC405179}.Release|Any CPU.Build.0 = Release|Any CPU
		{DE47E648-B675-4B9C-B428-2C91338A13E2}.Debug|Any CPU.ActiveCfg = Debug|Any CPU
		{DE47E648-B675-4B9C-B428-2C91338A13E2}.Debug|Any CPU.Build.0 = Debug|Any CPU
		{DE47E648-B675-4B9C-B428-2C91338A13E2}.Release|Any CPU.ActiveCfg = Release|Any CPU
		{DE47E648-B675-4B9C-B428-2C91338A13E2}.Release|Any CPU.Build.0 = Release|Any CPU
	EndGlobalSection
	GlobalSection(SolutionProperties) = preSolution
		HideSolutionNode = FALSE
	EndGlobalSection
	GlobalSection(ExtensibilityGlobals) = postSolution
		SolutionGuid = {0B5443F5-67D0-4B92-9532-0FADD3F8BB25}
	EndGlobalSection
EndGlobal
